{
  "lockfile_version": "1",
  "packages": {
    "cudaPackages.cudatoolkit@12": {
      "last_modified": "2026-04-23T13:07:47Z",
      "resolved": "github:NixOS/nixpkgs/01fbdeef22b76df85ea168fbfe1bfd9e63681b30#cudaPackages.cudatoolkit",
      "source": "devbox-search",
      "version": "12.9",
      "systems": {
        "aarch64-linux": {
          "outputs": [
            {
              "name": "out",
              "path": "/nix/store/n3i4i1ybzndq7r223d11ak3qk2vp25sp-cuda-merged-12.9",
              "default": true
            }
          ],
          "store_path": "/nix/store/n3i4i1ybzndq7r223d11ak3qk2vp25sp-cuda-merged-12.9"
        },
        "x86_64-linux": {
          "outputs": [
            {
              "name": "out",
              "path": "/nix/store/xp7xq1b0qcv3r4vqdv6qwb5xw1bskzry-cuda-merged-12.9",
              "default": true
            }
          ],
          "store_path": "/nix/store/xp7xq1b0qcv3r4vqdv6qwb5xw1bskzry-cuda-merged-12.9"
        }
      }
    },
    "gcc@latest": {
      "last_modified": "2026-04-23T13:07:47Z",
      "resolved": "github:NixOS/nixpkgs/01fbdeef22b76df85ea168fbfe1bfd9e63681b30#gcc",
      "source": "devbox-search",
      "version": "15.2.0",
      "systems": {
        "aarch64-darwin": {
          "outputs": [
            {
              "name": "out",
              "path": "/nix/store/dwlwh17hj0kvd3wjdldzjhpg1lrkriz7-gcc-wrapper-15.2.0",
              "default": true
            },
            {
              "name": "man",
              "path": "/nix/store/9aq51flq9r3qk1wad800jnwhywxh11g8-gcc-wrapper-15.2.0-man",
              "default": true
            },
            {
              "name": "info",
              "path": "/nix/store/c56kq8gqdv1x250bkszg4qka470hkdxn-gcc-wrapper-15.2.0-info"
            }
          ],
          "store_path": "/nix/store/dwlwh17hj0kvd3wjdldzjhpg1lrkriz7-gcc-wrapper-15.2.0"
        },
        "aarch64-linux": {
          "outputs": [
            {
              "name": "out",
              "path": "/nix/store/xvvipinc7wngr82akl5i61bxdh10rajw-gcc-wrapper-15.2.0",
              "default": true
            },
            {
              "name": "man",
              "path": "/nix/store/d5svqdhdiryldnkaphaxwamiwxnadcid-gcc-wrapper-15.2.0-man",
              "default": true
            },
            {
              "name": "info",
              "path": "/nix/store/q487ij6jvnbvwwqnqf2yzacplj0nl1lm-gcc-wrapper-15.2.0-info"
            }
          ],
          "store_path": "/nix/store/xvvipinc7wngr82akl5i61bxdh10rajw-gcc-wrapper-15.2.0"
        },
        "x86_64-darwin": {
          "outputs": [
            {
              "name": "out",
              "path": "/nix/store/3gphzab4pz860k6xyyg913a0ys3ch3fw-gcc-wrapper-15.2.0",
              "default": true
            },
            {
              "name": "man",
              "path": "/nix/store/wp66lw67zy3a6l8nyrm7mp849pv38a52-gcc-wrapper-15.2.0-man",
              "default": true
            },
            {
              "name": "info",
              "path": "/nix/store/nrkdf7av6jq3p1x7pdmvllcp1l1gbs1v-gcc-wrapper-15.2.0-info"
            }
          ],
          "store_path": "/nix/store/3gphzab4pz860k6xyyg913a0ys3ch3fw-gcc-wrapper-15.2.0"
        },
        "x86_64-linux": {
          "outputs": [
            {
              "name": "out",
              "path": "/nix/store/qd70v8g0561vm8m33kmnp79z00cgyi5n-gcc-wrapper-15.2.0",
              "default": true
            },
            {
              "name": "man",
              "path": "/nix/store/s03w1r1shmmzs1zz367aplbfyq2vgcfg-gcc-wrapper-15.2.0-man",
              "default": true
            },
            {
              "name": "info",
              "path": "/nix/store/k8zz91jx73nabxg7hh8yshab5w9y4rq8-gcc-wrapper-15.2.0-info"
            }
          ],
          "store_path": "/nix/store/qd70v8g0561vm8m33kmnp79z00cgyi5n-gcc-wrapper-15.2.0"
        }
      }
    },
    "github:NixOS/nixpkgs/nixpkgs-unstable": {
      "last_modified": "2026-05-15T18:21:44Z",
      "resolved": "github:NixOS/nixpkgs/d233902339c02a9c334e7e593de68855ad26c4cb?lastModified=1778869304&narHash=sha256-30sZNZoA1cqF5JNO9fVX%2BwgiQYjB7HJqqJ4ztCDeBZE%3D"
    },
    "llvmPackages_21.libclang": {
      "resolved": "github:NixOS/nixpkgs/d233902339c02a9c334e7e593de68855ad26c4cb?narHash=sha256-30sZNZoA1cqF5JNO9fVX%2BwgiQYjB7HJqqJ4ztCDeBZE%3D#llvmPackages_21.libclang",
      "source": "nixpkg",
      "systems": {
        "x86_64-linux": {
          "outputs": [
            {
              "path": "/nix/store/wm8ldw3xc402xyihlk43vlgl7knhr6g4-clang-21.1.8",
              "default": true
            }
          ]
        }
      }
    },
    "rustup@latest": {
      "last_modified": "2026-04-23T13:07:47Z",
      "plugin_version": "0.0.1",
      "resolved": "github:NixOS/nixpkgs/01fbdeef22b76df85ea168fbfe1bfd9e63681b30#rustup",
      "source": "devbox-search",
      "version": "1.29.0",
      "systems": {
        "aarch64-darwin": {
          "outputs": [
            {
              "name": "out",
              "path": "/nix/store/zviv90gxv3gpnr05gsvyq81v45y58312-rustup-1.29.0",
              "default": true
            }
          ],
          "store_path": "/nix/store/zviv90gxv3gpnr05gsvyq81v45y58312-rustup-1.29.0"
        },
        "aarch64-linux": {
          "outputs": [
            {
              "name": "out",
              "path": "/nix/store/d75lzy3my3nznkr4lan25qlglzj9dinc-rustup-1.29.0",
              "default": true
            }
          ],
          "store_path": "/nix/store/d75lzy3my3nznkr4lan25qlglzj9dinc-rustup-1.29.0"
        },
        "x86_64-darwin": {
          "outputs": [
            {
              "name": "out",
              "path": "/nix/store/927rnc4yvpas5rgsmm1ymih8vv3pivds-rustup-1.29.0",
              "default": true
            }
          ],
          "store_path": "/nix/store/927rnc4yvpas5rgsmm1ymih8vv3pivds-rustup-1.29.0"
        },
        "x86_64-linux": {
          "outputs": [
            {
              "name": "out",
              "path": "/nix/store/xiy3ydpzw5bdqqd7ri8qbg3bn4r2qxg1-rustup-1.29.0",
              "default": true
            }
          ],
          "store_path": "/nix/store/xiy3ydpzw5bdqqd7ri8qbg3bn4r2qxg1-rustup-1.29.0"
        }
      }
    }
  }
}
